
Microsoft Visual Studio Solution File, Format Version 12.00
# Visual Studio 15
VisualStudioVersion = 15.0.28307.136
MinimumVisualStudioVersion = 10.0.40219.1
Project("{FAE04EC0-301F-11D3-BF4B-00C04F79EFBC}") = "BikeShop", "BikeShop\BikeShop.csproj", "{8DA25312-92E3-4C35-9933-B6C05AB63757}"
EndProject
Global
	GlobalSection(SolutionConfigurationPlatforms) = preSolution
		Debug|Any CPU = Debug|Any CPU
		Release|Any CPU = Release|Any CPU
	EndGlobalSection
	GlobalSection(ProjectConfigurationPlatforms) = postSolution
		{8DA25312-92E3-4C35-9933-B6C05AB63757}.Debug|Any CPU.ActiveCfg = Debug|Any CPU
		{8DA25312-92E3-4C35-9933-B6C05AB63757}.Debug|Any CPU.Build.0 = Debug|Any CPU
		{8DA25312-92E3-4C35-9933-B6C05AB63757}.Release|Any CPU.ActiveCfg = Release|Any CPU
		{8DA25312-92E3-4C35-9933-B6C05AB63757}.Release|Any CPU.Build.0 = Release|Any CPU
	EndGlobalSection
	GlobalSection(SolutionProperties) = preSolution
		HideSolutionNode = FALSE
	EndGlobalSection
	GlobalSection(ExtensibilityGlobals) = postSolution
		SolutionGuid = {B8E27FA9-0382-4AAC-B6B6-CF314CFEFB4B}
	EndGlobalSection
EndGlobal
